# THIS IS AN AUTOGENERATED FILE. DO NOT EDIT THIS FILE DIRECTLY.
# yarn lockfile v1


bluebird@^3.0.6:
  version "3.7.2"
  resolved "https://registry.yarnpkg.com/bluebird/-/bluebird-3.7.2.tgz#9f229c15be272454ffa973ace0dbee79a1b0c36f"
  integrity sha512-XpNj6GDQzdfW+r2Wnn7xiSAd7TM3jzkxGXBGTtWKuSXv1xUV+azxAm8jdWZN06QTQk+2N2XB9jRDkvbmQmcRtg==

commander@^2.9.0:
  version "2.20.3"
  resolved "https://registry.yarnpkg.com/commander/-/commander-2.20.3.tgz#fd485e84c03eb4881c20722ba48035e8531aeb33"
  integrity sha512-GpVkmM8vF2vQUkj2LvZmD35JxeJOLCwJ9cUkugyk2nuhbv3+mJvpLYYt+0+USMxE+oj+ey/lJEnhZw75x/OMcQ==

generate-changelog@^1.8.0:
  version "1.8.0"
  resolved "https://registry.yarnpkg.com/generate-changelog/-/generate-changelog-1.8.0.tgz#1d788cdef5a13a649da7eb2a1f3b02674850e4a8"
  integrity sha512-msgpxeB75Ziyg3wGsZuPNl7c5RxChMKmYcAX5obnhUow90dBZW3nLic6nxGtst7Bpx453oS6zAIHcX7F3QVasw==
  dependencies:
    bluebird "^3.0.6"
    commander "^2.9.0"
    github-url-from-git "^1.4.0"

github-url-from-git@^1.4.0:
  version "1.5.0"
  resolved "https://registry.yarnpkg.com/github-url-from-git/-/github-url-from-git-1.5.0.tgz#f985fedcc0a9aa579dc88d7aff068d55cc6251a0"
  integrity sha512-WWOec4aRI7YAykQ9+BHmzjyNlkfJFG8QLXnDTsLz/kZefq7qkzdfo4p6fkYYMIq1aj+gZcQs/1HQhQh3DPPxlQ==

lodash@^4.17.21:
  version "4.17.21"
  resolved "https://registry.yarnpkg.com/lodash/-/lodash-4.17.21.tgz#679591c564c3bffaae8454cf0b3df370c3d6911c"
  integrity sha512-v2kDEe57lecTulaDIuNTPy3Ry4gLGJ6Z1O3vE1krgXZNrsQ+LFTGHVxVjcXPs17LhbZVGedAJv8XZ1tvj5FvSg==

mkdirp@^1.0.4:
  version "1.0.4"
  resolved "https://registry.yarnpkg.com/mkdirp/-/mkdirp-1.0.4.tgz#3eb5ed62622756d79a5f0e2a221dfebad75c2f7e"
  integrity sha512-vVqVZQyf3WLx2Shd0qJ9xuvqgAyKPLAiqITEtqW0oIUjzo3PePDd6fW9iFz30ef7Ysp/oiWqbhszeGWW2T6Gzw==

moment@^2.29.3:
  version "2.29.3"
  resolved "https://registry.yarnpkg.com/moment/-/moment-2.29.3.tgz#edd47411c322413999f7a5940d526de183c031f3"
  integrity sha512-c6YRvhEo//6T2Jz/vVtYzqBzwvPT95JBQ+smCytzf7c50oMZRsR/a4w88aD34I+/QVSfnoAnSBFPJHItlOMJVw==
